PODS:
  - Alamofire (1.2.3)
  - Bolts/Tasks (1.2.0)
  - Parse (1.7.5.2):
    - Bolts/Tasks (>= 1.2.0)
  - ParseUI (1.1.4):
    - Parse (~> 1.7)
  - RSBarcodes_Swift (0.0.8)
  - SwiftyJSON (2.2.0)

DEPENDENCIES:
  - Alamofire (~> 1.2)
  - Parse
  - ParseUI (~> 1.1)
  - RSBarcodes_Swift (~> 0.0)
  - SwiftyJSON (~> 2.2)

SPEC CHECKSUMS:
  Alamofire: 5550bf0b575ed1a4bf9be572f9463e1015cc169e
  Bolts: d176cb1e0012175589e389a9db49b85e27787576
  Parse: 9a01b8cb054f113b74211370aaf9d982d355729a
  ParseUI: d1228541b02a36a7354c8f47747f5f7a89cf1ff0
  RSBarcodes_Swift: 379f92579be09bc527befe102c213cdd3d07bfbf
  SwiftyJSON: 0b3e6c07af17ff745e77e8e9984097b55c956e5c

COCOAPODS: 0.38.0
